
Microsoft Visual Studio Solution File, Format Version 12.00
# Visual Studio 2013
VisualStudioVersion = 12.0.21005.1
MinimumVisualStudioVersion = 10.0.40219.1
Project("{FAE04EC0-301F-11D3-BF4B-00C04F79EFBC}") = "CadeMeuMedico", "CadeMeuMedico\CadeMeuMedico.csproj", "{B2B3C798-3450-4684-9057-1BC65DBDE2CE}"
EndProject
Global
	GlobalSection(SolutionConfigurationPlatforms) = preSolution
		Debug|Any CPU = Debug|Any CPU
		Release|Any CPU = Release|Any CPU
	EndGlobalSection
	GlobalSection(ProjectConfigurationPlatforms) = postSolution
		{B2B3C798-3450-4684-9057-1BC65DBDE2CE}.Debug|Any CPU.ActiveCfg = Debug|Any CPU
		{B2B3C798-3450-4684-9057-1BC65DBDE2CE}.Debug|Any CPU.Build.0 = Debug|Any CPU
		{B2B3C798-3450-4684-9057-1BC65DBDE2CE}.Release|Any CPU.ActiveCfg = Release|Any CPU
		{B2B3C798-3450-4684-9057-1BC65DBDE2CE}.Release|Any CPU.Build.0 = Release|Any CPU
	EndGlobalSection
	GlobalSection(SolutionProperties) = preSolution
		HideSolutionNode = FALSE
	EndGlobalSection
EndGlobal
